
Microsoft Visual Studio Solution File, Format Version 12.00
# Visual Studio Version 16
VisualStudioVersion = 16.0.30503.244
MinimumVisualStudioVersion = 10.0.40219.1
Project("{FAE04EC0-301F-11D3-BF4B-00C04F79EFBC}") = "1", "1\1.csproj", "{CFDAA9BA-D119-4F9C-953C-55A5021A37E3}"
EndProject
Global
	GlobalSection(SolutionConfigurationPlatforms) = preSolution
		Debug|Any CPU = Debug|Any CPU
		Release|Any CPU = Release|Any CPU
	EndGlobalSection
	GlobalSection(ProjectConfigurationPlatforms) = postSolution
		{CFDAA9BA-D119-4F9C-953C-55A5021A37E3}.Debug|Any CPU.ActiveCfg = Debug|Any CPU
		{CFDAA9BA-D119-4F9C-953C-55A5021A37E3}.Debug|Any CPU.Build.0 = Debug|Any CPU
		{CFDAA9BA-D119-4F9C-953C-55A5021A37E3}.Release|Any CPU.ActiveCfg = Release|Any CPU
		{CFDAA9BA-D119-4F9C-953C-55A5021A37E3}.Release|Any CPU.Build.0 = Release|Any CPU
	EndGlobalSection
	GlobalSection(SolutionProperties) = preSolution
		HideSolutionNode = FALSE
	EndGlobalSection
	GlobalSection(ExtensibilityGlobals) = postSolution
		SolutionGuid = {1E6D63CF-CF05-49F7-A4E1-CFB507E706CB}
	EndGlobalSection
EndGlobal
